Microsoft Visual Studio Solution File, Format Version 12.00
# Visual Studio Version 16
VisualStudioVersion = 16.0.28803.202
MinimumVisualStudioVersion = 14.0.23107.0
Project("{9A19103F-16F7-4668-BE54-9A1E7A4F7556}") = "MyXamarinGame.Windows", "MyXamarinGame.Windows\MyXamarinGame.Windows.csproj", "{AA70FF0F-27AE-4B77-BA59-7CBB539F8D2E}"
EndProject
Project("{9A19103F-16F7-4668-BE54-9A1E7A4F7556}") = "MyXamarinGame", "MyXamarinGame\MyXamarinGame.csproj", "{9B7453E5-1DFA-4DD4-9237-D91DBE5D928B}"
EndProject
Project("{FAE04EC0-301F-11D3-BF4B-00C04F79EFBC}") = "MyXamarinGame.UWP", "MyXamarinGame.UWP\MyXamarinGame.UWP.csproj", "{2F68EEBD-14AA-4E3C-B75D-5D337AC3C25D}"
EndProject
Project("{9A19103F-16F7-4668-BE54-9A1E7A4F7556}") = "MyXamarinGame.Linux", "MyXamarinGame.Linux\MyXamarinGame.Linux.csproj", "{8ACFA289-D901-427A-AA53-93ACE8B3227D}"
EndProject
Project("{9A19103F-16F7-4668-BE54-9A1E7A4F7556}") = "MyXamarinGame.macOS", "MyXamarinGame.macOS\MyXamarinGame.macOS.csproj", "{FD782338-9C46-4C7A-AA41-978C4240447F}"
EndProject
Project("{FAE04EC0-301F-11D3-BF4B-00C04F79EFBC}") = "MyXamarinGame.Android", "MyXamarinGame.Android\MyXamarinGame.Android.csproj", "{4876D8B4-4F0E-41D1-B443-65F4EE511F64}"
EndProject
Project("{FAE04EC0-301F-11D3-BF4B-00C04F79EFBC}") = "MyXamarinGame.iOS", "MyXamarinGame.iOS\MyXamarinGame.iOS.csproj", "{89505A85-C8CA-473F-8F5C-225C7BB497A1}"
EndProject
Project("{FAE04EC0-301F-11D3-BF4B-00C04F79EFBC}") = "MyXamarinGame.Droid", "MyXamarinGame.Droid\MyXamarinGame.Droid.csproj", "{6ED9878B-DB30-470D-83C8-EE85F948DA29}"
EndProject
Project("{FAE04EC0-301F-11D3-BF4B-00C04F79EFBC}") = "MyXamarinLauncher.UWP", "MyXamarinLauncher\MyXamarinLauncher.UWP\MyXamarinLauncher.UWP.csproj", "{CBADCBB1-DE63-4000-A033-6C74A81F6DE8}"
EndProject
Project("{FAE04EC0-301F-11D3-BF4B-00C04F79EFBC}") = "MyXamarinLauncher.Android", "MyXamarinLauncher\MyXamarinLauncher.Android\MyXamarinLauncher.Android.csproj", "{22B94E8B-3C35-42A5-9F79-5A890D9AEDFA}"
EndProject
Project("{FAE04EC0-301F-11D3-BF4B-00C04F79EFBC}") = "MyXamarinLauncher.iOS", "MyXamarinLauncher\MyXamarinLauncher.iOS\MyXamarinLauncher.iOS.csproj", "{78D76508-FBA4-4690-86DA-8B42DFC5FC1D}"
EndProject
Project("{9A19103F-16F7-4668-BE54-9A1E7A4F7556}") = "MyXamarinLauncher", "MyXamarinLauncher\MyXamarinLauncher\MyXamarinLauncher.csproj", "{90C7A3B1-98E8-49D8-9F29-B19B33FD6EA0}"
EndProject
Project("{2150E333-8FDC-42A3-9474-1A3956D46DE8}") = "Launcher", "Launcher", "{5257D18B-6308-4A6D-8D62-E764509E25E5}"
EndProject
Global
	GlobalSection(SolutionConfigurationPlatforms) = preSolution
		AppStore|Android = AppStore|Android
		AppStore|Any CPU = AppStore|Any CPU
		AppStore|ARM = AppStore|ARM
		AppStore|iPhone = AppStore|iPhone
		AppStore|iPhoneSimulator = AppStore|iPhoneSimulator
		AppStore|x64 = AppStore|x64
		AppStore|x86 = AppStore|x86
		Debug|Android = Debug|Android
		Debug|Any CPU = Debug|Any CPU
		Debug|ARM = Debug|ARM
		Debug|iPhone = Debug|iPhone
		Debug|iPhoneSimulator = Debug|iPhoneSimulator
		Debug|x64 = Debug|x64
		Debug|x86 = Debug|x86
		Release|Android = Release|Android
		Release|Any CPU = Release|Any CPU
		Release|ARM = Release|ARM
		Release|iPhone = Release|iPhone
		Release|iPhoneSimulator = Release|iPhoneSimulator
		Release|x64 = Release|x64
		Release|x86 = Release|x86
		Testing|Android = Testing|Android
		Testing|Any CPU = Testing|Any CPU
		Testing|ARM = Testing|ARM
		Testing|iPhone = Testing|iPhone
		Testing|iPhoneSimulator = Testing|iPhoneSimulator
		Testing|x64 = Testing|x64
		Testing|x86 = Testing|x86
	EndGlobalSection
	GlobalSection(ProjectConfigurationPlatforms) = postSolution
		{AA70FF0F-27AE-4B77-BA59-7CBB539F8D2E}.AppStore|Android.ActiveCfg = Debug|Any CPU
		{AA70FF0F-27AE-4B77-BA59-7CBB539F8D2E}.AppStore|Android.Build.0 = Debug|Any CPU
		{AA70FF0F-27AE-4B77-BA59-7CBB539F8D2E}.AppStore|Any CPU.ActiveCfg = Debug|Any CPU
		{AA70FF0F-27AE-4B77-BA59-7CBB539F8D2E}.AppStore|Any CPU.Build.0 = Debug|Any CPU
		{AA70FF0F-27AE-4B77-BA59-7CBB539F8D2E}.AppStore|ARM.ActiveCfg = Debug|Any CPU
		{AA70FF0F-27AE-4B77-BA59-7CBB539F8D2E}.AppStore|ARM.Build.0 = Debug|Any CPU
		{AA70FF0F-27AE-4B77-BA59-7CBB539F8D2E}.AppStore|iPhone.ActiveCfg = Debug|Any CPU
		{AA70FF0F-27AE-4B77-BA59-7CBB539F8D2E}.AppStore|iPhone.Build.0 = Debug|Any CPU
		{AA70FF0F-27AE-4B77-BA59-7CBB539F8D2E}.AppStore|iPhoneSimulator.ActiveCfg = Debug|Any CPU
		{AA70FF0F-27AE-4B77-BA59-7CBB539F8D2E}.AppStore|iPhoneSimulator.Build.0 = Debug|Any CPU
		{AA70FF0F-27AE-4B77-BA59-7CBB539F8D2E}.AppStore|x64.ActiveCfg = Debug|Any CPU
		{AA70FF0F-27AE-4B77-BA59-7CBB539F8D2E}.AppStore|x64.Build.0 = Debug|Any CPU
		{AA70FF0F-27AE-4B77-BA59-7CBB539F8D2E}.AppStore|x86.ActiveCfg = Debug|Any CPU
		{AA70FF0F-27AE-4B77-BA59-7CBB539F8D2E}.AppStore|x86.Build.0 = Debug|Any CPU
		{AA70FF0F-27AE-4B77-BA59-7CBB539F8D2E}.Debug|Android.ActiveCfg = Debug|Any CPU
		{AA70FF0F-27AE-4B77-BA59-7CBB539F8D2E}.Debug|Android.Build.0 = Debug|Any CPU
		{AA70FF0F-27AE-4B77-BA59-7CBB539F8D2E}.Debug|Any CPU.ActiveCfg = Debug|Any CPU
		{AA70FF0F-27AE-4B77-BA59-7CBB539F8D2E}.Debug|Any CPU.Build.0 = Debug|Any CPU
		{AA70FF0F-27AE-4B77-BA59-7CBB539F8D2E}.Debug|ARM.ActiveCfg = Debug|Any CPU
		{AA70FF0F-27AE-4B77-BA59-7CBB539F8D2E}.Debug|ARM.Build.0 = Debug|Any CPU
		{AA70FF0F-27AE-4B77-BA59-7CBB539F8D2E}.Debug|iPhone.ActiveCfg = Debug|Any CPU
		{AA70FF0F-27AE-4B77-BA59-7CBB539F8D2E}.Debug|iPhone.Build.0 = Debug|Any CPU
		{AA70FF0F-27AE-4B77-BA59-7CBB539F8D2E}.Debug|iPhoneSimulator.ActiveCfg = Debug|Any CPU
		{AA70FF0F-27AE-4B77-BA59-7CBB539F8D2E}.Debug|iPhoneSimulator.Build.0 = Debug|Any CPU
		{AA70FF0F-27AE-4B77-BA59-7CBB539F8D2E}.Debug|x64.ActiveCfg = Debug|Any CPU
		{AA70FF0F-27AE-4B77-BA59-7CBB539F8D2E}.Debug|x64.Build.0 = Debug|Any CPU
		{AA70FF0F-27AE-4B77-BA59-7CBB539F8D2E}.Debug|x86.ActiveCfg = Debug|Any CPU
		{AA70FF0F-27AE-4B77-BA59-7CBB539F8D2E}.Debug|x86.Build.0 = Debug|Any CPU
		{AA70FF0F-27AE-4B77-BA59-7CBB539F8D2E}.Release|Android.ActiveCfg = Release|Any CPU
		{AA70FF0F-27AE-4B77-BA59-7CBB539F8D2E}.Release|Android.Build.0 = Release|Any CPU
		{AA70FF0F-27AE-4B77-BA59-7CBB539F8D2E}.Release|Any CPU.ActiveCfg = Release|Any CPU
		{AA70FF0F-27AE-4B77-BA59-7CBB539F8D2E}.Release|Any CPU.Build.0 = Release|Any CPU
		{AA70FF0F-27AE-4B77-BA59-7CBB539F8D2E}.Release|ARM.ActiveCfg = Release|Any CPU
		{AA70FF0F-27AE-4B77-BA59-7CBB539F8D2E}.Release|ARM.Build.0 = Release|Any CPU
		{AA70FF0F-27AE-4B77-BA59-7CBB539F8D2E}.Release|iPhone.ActiveCfg = Release|Any CPU
		{AA70FF0F-27AE-4B77-BA59-7CBB539F8D2E}.Release|iPhone.Build.0 = Release|Any CPU
		{AA70FF0F-27AE-4B77-BA59-7CBB539F8D2E}.Release|iPhoneSimulator.ActiveCfg = Release|Any CPU
		{AA70FF0F-27AE-4B77-BA59-7CBB539F8D2E}.Release|iPhoneSimulator.Build.0 = Release|Any CPU
		{AA70FF0F-27AE-4B77-BA59-7CBB539F8D2E}.Release|x64.ActiveCfg = Release|Any CPU
		{AA70FF0F-27AE-4B77-BA59-7CBB539F8D2E}.Release|x64.Build.0 = Release|Any CPU
		{AA70FF0F-27AE-4B77-BA59-7CBB539F8D2E}.Release|x86.ActiveCfg = Release|Any CPU
		{AA70FF0F-27AE-4B77-BA59-7CBB539F8D2E}.Release|x86.Build.0 = Release|Any CPU
		{AA70FF0F-27AE-4B77-BA59-7CBB539F8D2E}.Testing|Android.ActiveCfg = Debug|Any CPU
		{AA70FF0F-27AE-4B77-BA59-7CBB539F8D2E}.Testing|Android.Build.0 = Debug|Any CPU
		{AA70FF0F-27AE-4B77-BA59-7CBB539F8D2E}.Testing|Any CPU.ActiveCfg = Debug|Any CPU
		{AA70FF0F-27AE-4B77-BA59-7CBB539F8D2E}.Testing|Any CPU.Build.0 = Debug|Any CPU
		{AA70FF0F-27AE-4B77-BA59-7CBB539F8D2E}.Testing|ARM.ActiveCfg = Debug|Any CPU
		{AA70FF0F-27AE-4B77-BA59-7CBB539F8D2E}.Testing|ARM.Build.0 = Debug|Any CPU
		{AA70FF0F-27AE-4B77-BA59-7CBB539F8D2E}.Testing|iPhone.ActiveCfg = Debug|Any CPU
		{AA70FF0F-27AE-4B77-BA59-7CBB539F8D2E}.Testing|iPhone.Build.0 = Debug|Any CPU
		{AA70FF0F-27AE-4B77-BA59-7CBB539F8D2E}.Testing|iPhoneSimulator.ActiveCfg = Debug|Any CPU
		{AA70FF0F-27AE-4B77-BA59-7CBB539F8D2E}.Testing|iPhoneSimulator.Build.0 = Debug|Any CPU
		{AA70FF0F-27AE-4B77-BA59-7CBB539F8D2E}.Testing|x64.ActiveCfg = Debug|Any CPU
		{AA70FF0F-27AE-4B77-BA59-7CBB539F8D2E}.Testing|x64.Build.0 = Debug|Any CPU
		{AA70FF0F-27AE-4B77-BA59-7CBB539F8D2E}.Testing|x86.ActiveCfg = Debug|Any CPU
		{AA70FF0F-27AE-4B77-BA59-7CBB539F8D2E}.Testing|x86.Build.0 = Debug|Any CPU
		{9B7453E5-1DFA-4DD4-9237-D91DBE5D928B}.AppStore|Android.ActiveCfg = Debug|Any CPU
		{9B7453E5-1DFA-4DD4-9237-D91DBE5D928B}.AppStore|Android.Build.0 = Debug|Any CPU
		{9B7453E5-1DFA-4DD4-9237-D91DBE5D928B}.AppStore|Any CPU.ActiveCfg = Debug|Any CPU
		{9B7453E5-1DFA-4DD4-9237-D91DBE5D928B}.AppStore|Any CPU.Build.0 = Debug|Any CPU
		{9B7453E5-1DFA-4DD4-9237-D91DBE5D928B}.AppStore|ARM.ActiveCfg = Debug|Any CPU
		{9B7453E5-1DFA-4DD4-9237-D91DBE5D928B}.AppStore|ARM.Build.0 = Debug|Any CPU
		{9B7453E5-1DFA-4DD4-9237-D91DBE5D928B}.AppStore|iPhone.ActiveCfg = Debug|Any CPU
		{9B7453E5-1DFA-4DD4-9237-D91DBE5D928B}.AppStore|iPhone.Build.0 = Debug|Any CPU
		{9B7453E5-1DFA-4DD4-9237-D91DBE5D928B}.AppStore|iPhoneSimulator.ActiveCfg = Debug|Any CPU
		{9B7453E5-1DFA-4DD4-9237-D91DBE5D928B}.AppStore|iPhoneSimulator.Build.0 = Debug|Any CPU
		{9B7453E5-1DFA-4DD4-9237-D91DBE5D928B}.AppStore|x64.ActiveCfg = Debug|Any CPU
		{9B7453E5-1DFA-4DD4-9237-D91DBE5D928B}.AppStore|x64.Build.0 = Debug|Any CPU
		{9B7453E5-1DFA-4DD4-9237-D91DBE5D928B}.AppStore|x86.ActiveCfg = Debug|Any CPU
		{9B7453E5-1DFA-4DD4-9237-D91DBE5D928B}.AppStore|x86.Build.0 = Debug|Any CPU
		{9B7453E5-1DFA-4DD4-9237-D91DBE5D928B}.Debug|Android.ActiveCfg = Debug|Any CPU
		{9B7453E5-1DFA-4DD4-9237-D91DBE5D928B}.Debug|Android.Build.0 = Debug|Any CPU
		{9B7453E5-1DFA-4DD4-9237-D91DBE5D928B}.Debug|Any CPU.ActiveCfg = Debug|Any CPU
		{9B7453E5-1DFA-4DD4-9237-D91DBE5D928B}.Debug|Any CPU.Build.0 = Debug|Any CPU
		{9B7453E5-1DFA-4DD4-9237-D91DBE5D928B}.Debug|ARM.ActiveCfg = Debug|Any CPU
		{9B7453E5-1DFA-4DD4-9237-D91DBE5D928B}.Debug|ARM.Build.0 = Debug|Any CPU
		{9B7453E5-1DFA-4DD4-9237-D91DBE5D928B}.Debug|iPhone.ActiveCfg = Debug|Any CPU
		{9B7453E5-1DFA-4DD4-9237-D91DBE5D928B}.Debug|iPhone.Build.0 = Debug|Any CPU
		{9B7453E5-1DFA-4DD4-9237-D91DBE5D928B}.Debug|iPhoneSimulator.ActiveCfg = Debug|Any CPU
		{9B7453E5-1DFA-4DD4-9237-D91DBE5D928B}.Debug|iPhoneSimulator.Build.0 = Debug|Any CPU
		{9B7453E5-1DFA-4DD4-9237-D91DBE5D928B}.Debug|x64.ActiveCfg = Debug|Any CPU
		{9B7453E5-1DFA-4DD4-9237-D91DBE5D928B}.Debug|x64.Build.0 = Debug|Any CPU
		{9B7453E5-1DFA-4DD4-9237-D91DBE5D928B}.Debug|x86.ActiveCfg = Debug|Any CPU
		{9B7453E5-1DFA-4DD4-9237-D91DBE5D928B}.Debug|x86.Build.0 = Debug|Any CPU
		{9B7453E5-1DFA-4DD4-9237-D91DBE5D928B}.Release|Android.ActiveCfg = Release|Any CPU
		{9B7453E5-1DFA-4DD4-9237-D91DBE5D928B}.Release|Android.Build.0 = Release|Any CPU
		{9B7453E5-1DFA-4DD4-9237-D91DBE5D928B}.Release|Any CPU.ActiveCfg = Release|Any CPU
		{9B7453E5-1DFA-4DD4-9237-D91DBE5D928B}.Release|Any CPU.Build.0 = Release|Any CPU
		{9B7453E5-1DFA-4DD4-9237-D91DBE5D928B}.Release|ARM.ActiveCfg = Release|Any CPU
		{9B7453E5-1DFA-4DD4-9237-D91DBE5D928B}.Release|ARM.Build.0 = Release|Any CPU
		{9B7453E5-1DFA-4DD4-9237-D91DBE5D928B}.Release|iPhone.ActiveCfg = Release|Any CPU
		{9B7453E5-1DFA-4DD4-9237-D91DBE5D928B}.Release|iPhone.Build.0 = Release|Any CPU
		{9B7453E5-1DFA-4DD4-9237-D91DBE5D928B}.Release|iPhoneSimulator.ActiveCfg = Release|Any CPU
		{9B7453E5-1DFA-4DD4-9237-D91DBE5D928B}.Release|iPhoneSimulator.Build.0 = Release|Any CPU
		{9B7453E5-1DFA-4DD4-9237-D91DBE5D928B}.Release|x64.ActiveCfg = Release|Any CPU
		{9B7453E5-1DFA-4DD4-9237-D91DBE5D928B}.Release|x64.Build.0 = Release|Any CPU
		{9B7453E5-1DFA-4DD4-9237-D91DBE5D928B}.Release|x86.ActiveCfg = Release|Any CPU
		{9B7453E5-1DFA-4DD4-9237-D91DBE5D928B}.Release|x86.Build.0 = Release|Any CPU
		{9B7453E5-1DFA-4DD4-9237-D91DBE5D928B}.Testing|Android.ActiveCfg = Debug|Any CPU
		{9B7453E5-1DFA-4DD4-9237-D91DBE5D928B}.Testing|Android.Build.0 = Debug|Any CPU
		{9B7453E5-1DFA-4DD4-9237-D91DBE5D928B}.Testing|Any CPU.ActiveCfg = Debug|Any CPU
		{9B7453E5-1DFA-4DD4-9237-D91DBE5D928B}.Testing|Any CPU.Build.0 = Debug|Any CPU
		{9B7453E5-1DFA-4DD4-9237-D91DBE5D928B}.Testing|ARM.ActiveCfg = Debug|Any CPU
		{9B7453E5-1DFA-4DD4-9237-D91DBE5D928B}.Testing|ARM.Build.0 = Debug|Any CPU
		{9B7453E5-1DFA-4DD4-9237-D91DBE5D928B}.Testing|iPhone.ActiveCfg = Debug|Any CPU
		{9B7453E5-1DFA-4DD4-9237-D91DBE5D928B}.Testing|iPhone.Build.0 = Debug|Any CPU
		{9B7453E5-1DFA-4DD4-9237-D91DBE5D928B}.Testing|iPhoneSimulator.ActiveCfg = Debug|Any CPU
		{9B7453E5-1DFA-4DD4-9237-D91DBE5D928B}.Testing|iPhoneSimulator.Build.0 = Debug|Any CPU
		{9B7453E5-1DFA-4DD4-9237-D91DBE5D928B}.Testing|x64.ActiveCfg = Debug|Any CPU
		{9B7453E5-1DFA-4DD4-9237-D91DBE5D928B}.Testing|x64.Build.0 = Debug|Any CPU
		{9B7453E5-1DFA-4DD4-9237-D91DBE5D928B}.Testing|x86.ActiveCfg = Debug|Any CPU
		{9B7453E5-1DFA-4DD4-9237-D91DBE5D928B}.Testing|x86.Build.0 = Debug|Any CPU
		{2F68EEBD-14AA-4E3C-B75D-5D337AC3C25D}.AppStore|Android.ActiveCfg = AppStore|x86
		{2F68EEBD-14AA-4E3C-B75D-5D337AC3C25D}.AppStore|Any CPU.ActiveCfg = AppStore|x86
		{2F68EEBD-14AA-4E3C-B75D-5D337AC3C25D}.AppStore|ARM.ActiveCfg = AppStore|ARM
		{2F68EEBD-14AA-4E3C-B75D-5D337AC3C25D}.AppStore|ARM.Build.0 = AppStore|ARM
		{2F68EEBD-14AA-4E3C-B75D-5D337AC3C25D}.AppStore|ARM.Deploy.0 = AppStore|ARM
		{2F68EEBD-14AA-4E3C-B75D-5D337AC3C25D}.AppStore|iPhone.ActiveCfg = AppStore|x86
		{2F68EEBD-14AA-4E3C-B75D-5D337AC3C25D}.AppStore|iPhoneSimulator.ActiveCfg = AppStore|x86
		{2F68EEBD-14AA-4E3C-B75D-5D337AC3C25D}.AppStore|x64.ActiveCfg = AppStore|x64
		{2F68EEBD-14AA-4E3C-B75D-5D337AC3C25D}.AppStore|x64.Build.0 = AppStore|x64
		{2F68EEBD-14AA-4E3C-B75D-5D337AC3C25D}.AppStore|x64.Deploy.0 = AppStore|x64
		{2F68EEBD-14AA-4E3C-B75D-5D337AC3C25D}.AppStore|x86.ActiveCfg = AppStore|x86
		{2F68EEBD-14AA-4E3C-B75D-5D337AC3C25D}.AppStore|x86.Build.0 = AppStore|x86
		{2F68EEBD-14AA-4E3C-B75D-5D337AC3C25D}.AppStore|x86.Deploy.0 = AppStore|x86
		{2F68EEBD-14AA-4E3C-B75D-5D337AC3C25D}.Debug|Android.ActiveCfg = Debug|x86
		{2F68EEBD-14AA-4E3C-B75D-5D337AC3C25D}.Debug|Any CPU.ActiveCfg = Debug|x86
		{2F68EEBD-14AA-4E3C-B75D-5D337AC3C25D}.Debug|ARM.ActiveCfg = Debug|ARM
		{2F68EEBD-14AA-4E3C-B75D-5D337AC3C25D}.Debug|ARM.Build.0 = Debug|ARM
		{2F68EEBD-14AA-4E3C-B75D-5D337AC3C25D}.Debug|ARM.Deploy.0 = Debug|ARM
		{2F68EEBD-14AA-4E3C-B75D-5D337AC3C25D}.Debug|iPhone.ActiveCfg = Debug|x86
		{2F68EEBD-14AA-4E3C-B75D-5D337AC3C25D}.Debug|iPhoneSimulator.ActiveCfg = Debug|x86
		{2F68EEBD-14AA-4E3C-B75D-5D337AC3C25D}.Debug|x64.ActiveCfg = Debug|x64
		{2F68EEBD-14AA-4E3C-B75D-5D337AC3C25D}.Debug|x64.Build.0 = Debug|x64
		{2F68EEBD-14AA-4E3C-B75D-5D337AC3C25D}.Debug|x64.Deploy.0 = Debug|x64
		{2F68EEBD-14AA-4E3C-B75D-5D337AC3C25D}.Debug|x86.ActiveCfg = Debug|x86
		{2F68EEBD-14AA-4E3C-B75D-5D337AC3C25D}.Debug|x86.Build.0 = Debug|x86
		{2F68EEBD-14AA-4E3C-B75D-5D337AC3C25D}.Debug|x86.Deploy.0 = Debug|x86
		{2F68EEBD-14AA-4E3C-B75D-5D337AC3C25D}.Release|Android.ActiveCfg = Release|x86
		{2F68EEBD-14AA-4E3C-B75D-5D337AC3C25D}.Release|Any CPU.ActiveCfg = Release|x86
		{2F68EEBD-14AA-4E3C-B75D-5D337AC3C25D}.Release|ARM.ActiveCfg = Release|ARM
		{2F68EEBD-14AA-4E3C-B75D-5D337AC3C25D}.Release|ARM.Build.0 = Release|ARM
		{2F68EEBD-14AA-4E3C-B75D-5D337AC3C25D}.Release|ARM.Deploy.0 = Release|ARM
		{2F68EEBD-14AA-4E3C-B75D-5D337AC3C25D}.Release|iPhone.ActiveCfg = Release|x86
		{2F68EEBD-14AA-4E3C-B75D-5D337AC3C25D}.Release|iPhoneSimulator.ActiveCfg = Release|x86
		{2F68EEBD-14AA-4E3C-B75D-5D337AC3C25D}.Release|x64.ActiveCfg = Release|x64
		{2F68EEBD-14AA-4E3C-B75D-5D337AC3C25D}.Release|x64.Build.0 = Release|x64
		{2F68EEBD-14AA-4E3C-B75D-5D337AC3C25D}.Release|x64.Deploy.0 = Release|x64
		{2F68EEBD-14AA-4E3C-B75D-5D337AC3C25D}.Release|x86.ActiveCfg = Release|x86
		{2F68EEBD-14AA-4E3C-B75D-5D337AC3C25D}.Release|x86.Build.0 = Release|x86
		{2F68EEBD-14AA-4E3C-B75D-5D337AC3C25D}.Release|x86.Deploy.0 = Release|x86
		{2F68EEBD-14AA-4E3C-B75D-5D337AC3C25D}.Testing|Android.ActiveCfg = Testing|x86
		{2F68EEBD-14AA-4E3C-B75D-5D337AC3C25D}.Testing|Any CPU.ActiveCfg = Testing|x86
		{2F68EEBD-14AA-4E3C-B75D-5D337AC3C25D}.Testing|ARM.ActiveCfg = Testing|ARM
		{2F68EEBD-14AA-4E3C-B75D-5D337AC3C25D}.Testing|ARM.Build.0 = Testing|ARM
		{2F68EEBD-14AA-4E3C-B75D-5D337AC3C25D}.Testing|ARM.Deploy.0 = Testing|ARM
		{2F68EEBD-14AA-4E3C-B75D-5D337AC3C25D}.Testing|iPhone.ActiveCfg = Testing|x86
		{2F68EEBD-14AA-4E3C-B75D-5D337AC3C25D}.Testing|iPhoneSimulator.ActiveCfg = Testing|x86
		{2F68EEBD-14AA-4E3C-B75D-5D337AC3C25D}.Testing|x64.ActiveCfg = Testing|x64
		{2F68EEBD-14AA-4E3C-B75D-5D337AC3C25D}.Testing|x64.Build.0 = Testing|x64
		{2F68EEBD-14AA-4E3C-B75D-5D337AC3C25D}.Testing|x64.Deploy.0 = Testing|x64
		{2F68EEBD-14AA-4E3C-B75D-5D337AC3C25D}.Testing|x86.ActiveCfg = Testing|x86
		{2F68EEBD-14AA-4E3C-B75D-5D337AC3C25D}.Testing|x86.Build.0 = Testing|x86
		{2F68EEBD-14AA-4E3C-B75D-5D337AC3C25D}.Testing|x86.Deploy.0 = Testing|x86
		{8ACFA289-D901-427A-AA53-93ACE8B3227D}.AppStore|Android.ActiveCfg = Debug|Any CPU
		{8ACFA289-D901-427A-AA53-93ACE8B3227D}.AppStore|Android.Build.0 = Debug|Any CPU
		{8ACFA289-D901-427A-AA53-93ACE8B3227D}.AppStore|Any CPU.ActiveCfg = Debug|Any CPU
		{8ACFA289-D901-427A-AA53-93ACE8B3227D}.AppStore|Any CPU.Build.0 = Debug|Any CPU
		{8ACFA289-D901-427A-AA53-93ACE8B3227D}.AppStore|ARM.ActiveCfg = Debug|Any CPU
		{8ACFA289-D901-427A-AA53-93ACE8B3227D}.AppStore|ARM.Build.0 = Debug|Any CPU
		{8ACFA289-D901-427A-AA53-93ACE8B3227D}.AppStore|iPhone.ActiveCfg = Debug|Any CPU
		{8ACFA289-D901-427A-AA53-93ACE8B3227D}.AppStore|iPhone.Build.0 = Debug|Any CPU
		{8ACFA289-D901-427A-AA53-93ACE8B3227D}.AppStore|iPhoneSimulator.ActiveCfg = Debug|Any CPU
		{8ACFA289-D901-427A-AA53-93ACE8B3227D}.AppStore|iPhoneSimulator.Build.0 = Debug|Any CPU
		{8ACFA289-D901-427A-AA53-93ACE8B3227D}.AppStore|x64.ActiveCfg = Debug|Any CPU
		{8ACFA289-D901-427A-AA53-93ACE8B3227D}.AppStore|x64.Build.0 = Debug|Any CPU
		{8ACFA289-D901-427A-AA53-93ACE8B3227D}.AppStore|x86.ActiveCfg = Debug|Any CPU
		{8ACFA289-D901-427A-AA53-93ACE8B3227D}.AppStore|x86.Build.0 = Debug|Any CPU
		{8ACFA289-D901-427A-AA53-93ACE8B3227D}.Debug|Android.ActiveCfg = Debug|Any CPU
		{8ACFA289-D901-427A-AA53-93ACE8B3227D}.Debug|Android.Build.0 = Debug|Any CPU
		{8ACFA289-D901-427A-AA53-93ACE8B3227D}.Debug|Any CPU.ActiveCfg = Debug|Any CPU
		{8ACFA289-D901-427A-AA53-93ACE8B3227D}.Debug|Any CPU.Build.0 = Debug|Any CPU
		{8ACFA289-D901-427A-AA53-93ACE8B3227D}.Debug|ARM.ActiveCfg = Debug|Any CPU
		{8ACFA289-D901-427A-AA53-93ACE8B3227D}.Debug|ARM.Build.0 = Debug|Any CPU
		{8ACFA289-D901-427A-AA53-93ACE8B3227D}.Debug|iPhone.ActiveCfg = Debug|Any CPU
		{8ACFA289-D901-427A-AA53-93ACE8B3227D}.Debug|iPhone.Build.0 = Debug|Any CPU
		{8ACFA289-D901-427A-AA53-93ACE8B3227D}.Debug|iPhoneSimulator.ActiveCfg = Debug|Any CPU
		{8ACFA289-D901-427A-AA53-93ACE8B3227D}.Debug|iPhoneSimulator.Build.0 = Debug|Any CPU
		{8ACFA289-D901-427A-AA53-93ACE8B3227D}.Debug|x64.ActiveCfg = Debug|Any CPU
		{8ACFA289-D901-427A-AA53-93ACE8B3227D}.Debug|x64.Build.0 = Debug|Any CPU
		{8ACFA289-D901-427A-AA53-93ACE8B3227D}.Debug|x86.ActiveCfg = Debug|Any CPU
		{8ACFA289-D901-427A-AA53-93ACE8B3227D}.Debug|x86.Build.0 = Debug|Any CPU
		{8ACFA289-D901-427A-AA53-93ACE8B3227D}.Release|Android.ActiveCfg = Release|Any CPU
		{8ACFA289-D901-427A-AA53-93ACE8B3227D}.Release|Android.Build.0 = Release|Any CPU
		{8ACFA289-D901-427A-AA53-93ACE8B3227D}.Release|Any CPU.ActiveCfg = Release|Any CPU
		{8ACFA289-D901-427A-AA53-93ACE8B3227D}.Release|Any CPU.Build.0 = Release|Any CPU
		{8ACFA289-D901-427A-AA53-93ACE8B3227D}.Release|ARM.ActiveCfg = Release|Any CPU
		{8ACFA289-D901-427A-AA53-93ACE8B3227D}.Release|ARM.Build.0 = Release|Any CPU
		{8ACFA289-D901-427A-AA53-93ACE8B3227D}.Release|iPhone.ActiveCfg = Release|Any CPU
		{8ACFA289-D901-427A-AA53-93ACE8B3227D}.Release|iPhone.Build.0 = Release|Any CPU
		{8ACFA289-D901-427A-AA53-93ACE8B3227D}.Release|iPhoneSimulator.ActiveCfg = Release|Any CPU
		{8ACFA289-D901-427A-AA53-93ACE8B3227D}.Release|iPhoneSimulator.Build.0 = Release|Any CPU
		{8ACFA289-D901-427A-AA53-93ACE8B3227D}.Release|x64.ActiveCfg = Release|Any CPU
		{8ACFA289-D901-427A-AA53-93ACE8B3227D}.Release|x64.Build.0 = Release|Any CPU
		{8ACFA289-D901-427A-AA53-93ACE8B3227D}.Release|x86.ActiveCfg = Release|Any CPU
		{8ACFA289-D901-427A-AA53-93ACE8B3227D}.Release|x86.Build.0 = Release|Any CPU
		{8ACFA289-D901-427A-AA53-93ACE8B3227D}.Testing|Android.ActiveCfg = Debug|Any CPU
		{8ACFA289-D901-427A-AA53-93ACE8B3227D}.Testing|Android.Build.0 = Debug|Any CPU
		{8ACFA289-D901-427A-AA53-93ACE8B3227D}.Testing|Any CPU.ActiveCfg = Debug|Any CPU
		{8ACFA289-D901-427A-AA53-93ACE8B3227D}.Testing|Any CPU.Build.0 = Debug|Any CPU
		{8ACFA289-D901-427A-AA53-93ACE8B3227D}.Testing|ARM.ActiveCfg = Debug|Any CPU
		{8ACFA289-D901-427A-AA53-93ACE8B3227D}.Testing|ARM.Build.0 = Debug|Any CPU
		{8ACFA289-D901-427A-AA53-93ACE8B3227D}.Testing|iPhone.ActiveCfg = Debug|Any CPU
		{8ACFA289-D901-427A-AA53-93ACE8B3227D}.Testing|iPhone.Build.0 = Debug|Any CPU
		{8ACFA289-D901-427A-AA53-93ACE8B3227D}.Testing|iPhoneSimulator.ActiveCfg = Debug|Any CPU
		{8ACFA289-D901-427A-AA53-93ACE8B3227D}.Testing|iPhoneSimulator.Build.0 = Debug|Any CPU
		{8ACFA289-D901-427A-AA53-93ACE8B3227D}.Testing|x64.ActiveCfg = Debug|Any CPU
		{8ACFA289-D901-427A-AA53-93ACE8B3227D}.Testing|x64.Build.0 = Debug|Any CPU
		{8ACFA289-D901-427A-AA53-93ACE8B3227D}.Testing|x86.ActiveCfg = Debug|Any CPU
		{8ACFA289-D901-427A-AA53-93ACE8B3227D}.Testing|x86.Build.0 = Debug|Any CPU
		{FD782338-9C46-4C7A-AA41-978C4240447F}.AppStore|Android.ActiveCfg = Debug|Any CPU
		{FD782338-9C46-4C7A-AA41-978C4240447F}.AppStore|Android.Build.0 = Debug|Any CPU
		{FD782338-9C46-4C7A-AA41-978C4240447F}.AppStore|Any CPU.ActiveCfg = Debug|Any CPU
		{FD782338-9C46-4C7A-AA41-978C4240447F}.AppStore|Any CPU.Build.0 = Debug|Any CPU
		{FD782338-9C46-4C7A-AA41-978C4240447F}.AppStore|ARM.ActiveCfg = Debug|Any CPU
		{FD782338-9C46-4C7A-AA41-978C4240447F}.AppStore|ARM.Build.0 = Debug|Any CPU
		{FD782338-9C46-4C7A-AA41-978C4240447F}.AppStore|iPhone.ActiveCfg = Debug|Any CPU
		{FD782338-9C46-4C7A-AA41-978C4240447F}.AppStore|iPhone.Build.0 = Debug|Any CPU
		{FD782338-9C46-4C7A-AA41-978C4240447F}.AppStore|iPhoneSimulator.ActiveCfg = Debug|Any CPU
		{FD782338-9C46-4C7A-AA41-978C4240447F}.AppStore|iPhoneSimulator.Build.0 = Debug|Any CPU
		{FD782338-9C46-4C7A-AA41-978C4240447F}.AppStore|x64.ActiveCfg = Debug|Any CPU
		{FD782338-9C46-4C7A-AA41-978C4240447F}.AppStore|x64.Build.0 = Debug|Any CPU
		{FD782338-9C46-4C7A-AA41-978C4240447F}.AppStore|x86.ActiveCfg = Debug|Any CPU
		{FD782338-9C46-4C7A-AA41-978C4240447F}.AppStore|x86.Build.0 = Debug|Any CPU
		{FD782338-9C46-4C7A-AA41-978C4240447F}.Debug|Android.ActiveCfg = Debug|Any CPU
		{FD782338-9C46-4C7A-AA41-978C4240447F}.Debug|Android.Build.0 = Debug|Any CPU
		{FD782338-9C46-4C7A-AA41-978C4240447F}.Debug|Any CPU.ActiveCfg = Debug|Any CPU
		{FD782338-9C46-4C7A-AA41-978C4240447F}.Debug|Any CPU.Build.0 = Debug|Any CPU
		{FD782338-9C46-4C7A-AA41-978C4240447F}.Debug|ARM.ActiveCfg = Debug|Any CPU
		{FD782338-9C46-4C7A-AA41-978C4240447F}.Debug|ARM.Build.0 = Debug|Any CPU
		{FD782338-9C46-4C7A-AA41-978C4240447F}.Debug|iPhone.ActiveCfg = Debug|Any CPU
		{FD782338-9C46-4C7A-AA41-978C4240447F}.Debug|iPhone.Build.0 = Debug|Any CPU
		{FD782338-9C46-4C7A-AA41-978C4240447F}.Debug|iPhoneSimulator.ActiveCfg = Debug|Any CPU
		{FD782338-9C46-4C7A-AA41-978C4240447F}.Debug|iPhoneSimulator.Build.0 = Debug|Any CPU
		{FD782338-9C46-4C7A-AA41-978C4240447F}.Debug|x64.ActiveCfg = Debug|Any CPU
		{FD782338-9C46-4C7A-AA41-978C4240447F}.Debug|x64.Build.0 = Debug|Any CPU
		{FD782338-9C46-4C7A-AA41-978C4240447F}.Debug|x86.ActiveCfg = Debug|Any CPU
		{FD782338-9C46-4C7A-AA41-978C4240447F}.Debug|x86.Build.0 = Debug|Any CPU
		{FD782338-9C46-4C7A-AA41-978C4240447F}.Release|Android.ActiveCfg = Release|Any CPU
		{FD782338-9C46-4C7A-AA41-978C4240447F}.Release|Android.Build.0 = Release|Any CPU
		{FD782338-9C46-4C7A-AA41-978C4240447F}.Release|Any CPU.ActiveCfg = Release|Any CPU
		{FD782338-9C46-4C7A-AA41-978C4240447F}.Release|Any CPU.Build.0 = Release|Any CPU
		{FD782338-9C46-4C7A-AA41-978C4240447F}.Release|ARM.ActiveCfg = Release|Any CPU
		{FD782338-9C46-4C7A-AA41-978C4240447F}.Release|ARM.Build.0 = Release|Any CPU
		{FD782338-9C46-4C7A-AA41-978C4240447F}.Release|iPhone.ActiveCfg = Release|Any CPU
		{FD782338-9C46-4C7A-AA41-978C4240447F}.Release|iPhone.Build.0 = Release|Any CPU
		{FD782338-9C46-4C7A-AA41-978C4240447F}.Release|iPhoneSimulator.ActiveCfg = Release|Any CPU
		{FD782338-9C46-4C7A-AA41-978C4240447F}.Release|iPhoneSimulator.Build.0 = Release|Any CPU
		{FD782338-9C46-4C7A-AA41-978C4240447F}.Release|x64.ActiveCfg = Release|Any CPU
		{FD782338-9C46-4C7A-AA41-978C4240447F}.Release|x64.Build.0 = Release|Any CPU
		{FD782338-9C46-4C7A-AA41-978C4240447F}.Release|x86.ActiveCfg = Release|Any CPU
		{FD782338-9C46-4C7A-AA41-978C4240447F}.Release|x86.Build.0 = Release|Any CPU
		{FD782338-9C46-4C7A-AA41-978C4240447F}.Testing|Android.ActiveCfg = Debug|Any CPU
		{FD782338-9C46-4C7A-AA41-978C4240447F}.Testing|Android.Build.0 = Debug|Any CPU
		{FD782338-9C46-4C7A-AA41-978C4240447F}.Testing|Any CPU.ActiveCfg = Debug|Any CPU
		{FD782338-9C46-4C7A-AA41-978C4240447F}.Testing|Any CPU.Build.0 = Debug|Any CPU
		{FD782338-9C46-4C7A-AA41-978C4240447F}.Testing|ARM.ActiveCfg = Debug|Any CPU
		{FD782338-9C46-4C7A-AA41-978C4240447F}.Testing|ARM.Build.0 = Debug|Any CPU
		{FD782338-9C46-4C7A-AA41-978C4240447F}.Testing|iPhone.ActiveCfg = Debug|Any CPU
		{FD782338-9C46-4C7A-AA41-978C4240447F}.Testing|iPhone.Build.0 = Debug|Any CPU
		{FD782338-9C46-4C7A-AA41-978C4240447F}.Testing|iPhoneSimulator.ActiveCfg = Debug|Any CPU
		{FD782338-9C46-4C7A-AA41-978C4240447F}.Testing|iPhoneSimulator.Build.0 = Debug|Any CPU
		{FD782338-9C46-4C7A-AA41-978C4240447F}.Testing|x64.ActiveCfg = Debug|Any CPU
		{FD782338-9C46-4C7A-AA41-978C4240447F}.Testing|x64.Build.0 = Debug|Any CPU
		{FD782338-9C46-4C7A-AA41-978C4240447F}.Testing|x86.ActiveCfg = Debug|Any CPU
		{FD782338-9C46-4C7A-AA41-978C4240447F}.Testing|x86.Build.0 = Debug|Any CPU
		{4876D8B4-4F0E-41D1-B443-65F4EE511F64}.AppStore|Android.ActiveCfg = AppStore|Android
		{4876D8B4-4F0E-41D1-B443-65F4EE511F64}.AppStore|Android.Build.0 = AppStore|Android
		{4876D8B4-4F0E-41D1-B443-65F4EE511F64}.AppStore|Android.Deploy.0 = AppStore|Android
		{4876D8B4-4F0E-41D1-B443-65F4EE511F64}.AppStore|Any CPU.ActiveCfg = AppStore|Android
		{4876D8B4-4F0E-41D1-B443-65F4EE511F64}.AppStore|ARM.ActiveCfg = AppStore|Android
		{4876D8B4-4F0E-41D1-B443-65F4EE511F64}.AppStore|iPhone.ActiveCfg = AppStore|Android
		{4876D8B4-4F0E-41D1-B443-65F4EE511F64}.AppStore|iPhoneSimulator.ActiveCfg = AppStore|Android
		{4876D8B4-4F0E-41D1-B443-65F4EE511F64}.AppStore|x64.ActiveCfg = AppStore|Android
		{4876D8B4-4F0E-41D1-B443-65F4EE511F64}.AppStore|x86.ActiveCfg = AppStore|Android
		{4876D8B4-4F0E-41D1-B443-65F4EE511F64}.Debug|Android.ActiveCfg = Debug|Android
		{4876D8B4-4F0E-41D1-B443-65F4EE511F64}.Debug|Android.Build.0 = Debug|Android
		{4876D8B4-4F0E-41D1-B443-65F4EE511F64}.Debug|Android.Deploy.0 = Debug|Android
		{4876D8B4-4F0E-41D1-B443-65F4EE511F64}.Debug|Any CPU.ActiveCfg = Debug|Android
		{4876D8B4-4F0E-41D1-B443-65F4EE511F64}.Debug|ARM.ActiveCfg = Debug|Android
		{4876D8B4-4F0E-41D1-B443-65F4EE511F64}.Debug|iPhone.ActiveCfg = Debug|Android
		{4876D8B4-4F0E-41D1-B443-65F4EE511F64}.Debug|iPhoneSimulator.ActiveCfg = Debug|Android
		{4876D8B4-4F0E-41D1-B443-65F4EE511F64}.Debug|x64.ActiveCfg = Debug|Android
		{4876D8B4-4F0E-41D1-B443-65F4EE511F64}.Debug|x86.ActiveCfg = Debug|Android
		{4876D8B4-4F0E-41D1-B443-65F4EE511F64}.Release|Android.ActiveCfg = Release|Android
		{4876D8B4-4F0E-41D1-B443-65F4EE511F64}.Release|Android.Build.0 = Release|Android
		{4876D8B4-4F0E-41D1-B443-65F4EE511F64}.Release|Android.Deploy.0 = Release|Android
		{4876D8B4-4F0E-41D1-B443-65F4EE511F64}.Release|Any CPU.ActiveCfg = Release|Android
		{4876D8B4-4F0E-41D1-B443-65F4EE511F64}.Release|ARM.ActiveCfg = Release|Android
		{4876D8B4-4F0E-41D1-B443-65F4EE511F64}.Release|iPhone.ActiveCfg = Release|Android
		{4876D8B4-4F0E-41D1-B443-65F4EE511F64}.Release|iPhoneSimulator.ActiveCfg = Release|Android
		{4876D8B4-4F0E-41D1-B443-65F4EE511F64}.Release|x64.ActiveCfg = Release|Android
		{4876D8B4-4F0E-41D1-B443-65F4EE511F64}.Release|x86.ActiveCfg = Release|Android
		{4876D8B4-4F0E-41D1-B443-65F4EE511F64}.Testing|Android.ActiveCfg = Testing|Android
		{4876D8B4-4F0E-41D1-B443-65F4EE511F64}.Testing|Android.Build.0 = Testing|Android
		{4876D8B4-4F0E-41D1-B443-65F4EE511F64}.Testing|Android.Deploy.0 = Testing|Android
		{4876D8B4-4F0E-41D1-B443-65F4EE511F64}.Testing|Any CPU.ActiveCfg = Testing|Android
		{4876D8B4-4F0E-41D1-B443-65F4EE511F64}.Testing|ARM.ActiveCfg = Testing|Android
		{4876D8B4-4F0E-41D1-B443-65F4EE511F64}.Testing|iPhone.ActiveCfg = Testing|Android
		{4876D8B4-4F0E-41D1-B443-65F4EE511F64}.Testing|iPhoneSimulator.ActiveCfg = Testing|Android
		{4876D8B4-4F0E-41D1-B443-65F4EE511F64}.Testing|x64.ActiveCfg = Testing|Android
		{4876D8B4-4F0E-41D1-B443-65F4EE511F64}.Testing|x86.ActiveCfg = Testing|Android
		{89505A85-C8CA-473F-8F5C-225C7BB497A1}.AppStore|Android.ActiveCfg = AppStore|iPhoneSimulator
		{89505A85-C8CA-473F-8F5C-225C7BB497A1}.AppStore|Any CPU.ActiveCfg = AppStore|iPhoneSimulator
		{89505A85-C8CA-473F-8F5C-225C7BB497A1}.AppStore|ARM.ActiveCfg = AppStore|iPhoneSimulator
		{89505A85-C8CA-473F-8F5C-225C7BB497A1}.AppStore|iPhone.ActiveCfg = AppStore|iPhone
		{89505A85-C8CA-473F-8F5C-225C7BB497A1}.AppStore|iPhone.Build.0 = AppStore|iPhone
		{89505A85-C8CA-473F-8F5C-225C7BB497A1}.AppStore|iPhoneSimulator.ActiveCfg = AppStore|iPhoneSimulator
		{89505A85-C8CA-473F-8F5C-225C7BB497A1}.AppStore|iPhoneSimulator.Build.0 = AppStore|iPhoneSimulator
		{89505A85-C8CA-473F-8F5C-225C7BB497A1}.AppStore|x64.ActiveCfg = AppStore|iPhoneSimulator
		{89505A85-C8CA-473F-8F5C-225C7BB497A1}.AppStore|x86.ActiveCfg = AppStore|iPhoneSimulator
		{89505A85-C8CA-473F-8F5C-225C7BB497A1}.Debug|Android.ActiveCfg = Debug|iPhoneSimulator
		{89505A85-C8CA-473F-8F5C-225C7BB497A1}.Debug|Any CPU.ActiveCfg = Debug|iPhoneSimulator
		{89505A85-C8CA-473F-8F5C-225C7BB497A1}.Debug|ARM.ActiveCfg = Debug|iPhoneSimulator
		{89505A85-C8CA-473F-8F5C-225C7BB497A1}.Debug|iPhone.ActiveCfg = Debug|iPhone
		{89505A85-C8CA-473F-8F5C-225C7BB497A1}.Debug|iPhone.Build.0 = Debug|iPhone
		{89505A85-C8CA-473F-8F5C-225C7BB497A1}.Debug|iPhoneSimulator.ActiveCfg = Debug|iPhoneSimulator
		{89505A85-C8CA-473F-8F5C-225C7BB497A1}.Debug|iPhoneSimulator.Build.0 = Debug|iPhoneSimulator
		{89505A85-C8CA-473F-8F5C-225C7BB497A1}.Debug|x64.ActiveCfg = Debug|iPhoneSimulator
		{89505A85-C8CA-473F-8F5C-225C7BB497A1}.Debug|x86.ActiveCfg = Debug|iPhoneSimulator
		{89505A85-C8CA-473F-8F5C-225C7BB497A1}.Release|Android.ActiveCfg = Release|iPhoneSimulator
		{89505A85-C8CA-473F-8F5C-225C7BB497A1}.Release|Any CPU.ActiveCfg = Release|iPhoneSimulator
		{89505A85-C8CA-473F-8F5C-225C7BB497A1}.Release|ARM.ActiveCfg = Release|iPhoneSimulator
		{89505A85-C8CA-473F-8F5C-225C7BB497A1}.Release|iPhone.ActiveCfg = Release|iPhone
		{89505A85-C8CA-473F-8F5C-225C7BB497A1}.Release|iPhone.Build.0 = Release|iPhone
		{89505A85-C8CA-473F-8F5C-225C7BB497A1}.Release|iPhoneSimulator.ActiveCfg = Release|iPhoneSimulator
		{89505A85-C8CA-473F-8F5C-225C7BB497A1}.Release|iPhoneSimulator.Build.0 = Release|iPhoneSimulator
		{89505A85-C8CA-473F-8F5C-225C7BB497A1}.Release|x64.ActiveCfg = Release|iPhoneSimulator
		{89505A85-C8CA-473F-8F5C-225C7BB497A1}.Release|x86.ActiveCfg = Release|iPhoneSimulator
		{89505A85-C8CA-473F-8F5C-225C7BB497A1}.Testing|Android.ActiveCfg = Testing|iPhoneSimulator
		{89505A85-C8CA-473F-8F5C-225C7BB497A1}.Testing|Any CPU.ActiveCfg = Testing|iPhoneSimulator
		{89505A85-C8CA-473F-8F5C-225C7BB497A1}.Testing|ARM.ActiveCfg = Testing|iPhoneSimulator
		{89505A85-C8CA-473F-8F5C-225C7BB497A1}.Testing|iPhone.ActiveCfg = Testing|iPhone
		{89505A85-C8CA-473F-8F5C-225C7BB497A1}.Testing|iPhone.Build.0 = Testing|iPhone
		{89505A85-C8CA-473F-8F5C-225C7BB497A1}.Testing|iPhoneSimulator.ActiveCfg = Testing|iPhoneSimulator
		{89505A85-C8CA-473F-8F5C-225C7BB497A1}.Testing|iPhoneSimulator.Build.0 = Testing|iPhoneSimulator
		{89505A85-C8CA-473F-8F5C-225C7BB497A1}.Testing|x64.ActiveCfg = Testing|iPhoneSimulator
		{89505A85-C8CA-473F-8F5C-225C7BB497A1}.Testing|x86.ActiveCfg = Testing|iPhoneSimulator
		{6ED9878B-DB30-470D-83C8-EE85F948DA29}.AppStore|Android.ActiveCfg = Release|Any CPU
		{6ED9878B-DB30-470D-83C8-EE85F948DA29}.AppStore|Android.Build.0 = Release|Any CPU
		{6ED9878B-DB30-470D-83C8-EE85F948DA29}.AppStore|Android.Deploy.0 = Release|Any CPU
		{6ED9878B-DB30-470D-83C8-EE85F948DA29}.AppStore|Any CPU.ActiveCfg = Release|Any CPU
		{6ED9878B-DB30-470D-83C8-EE85F948DA29}.AppStore|Any CPU.Build.0 = Release|Any CPU
		{6ED9878B-DB30-470D-83C8-EE85F948DA29}.AppStore|Any CPU.Deploy.0 = Release|Any CPU
		{6ED9878B-DB30-470D-83C8-EE85F948DA29}.AppStore|ARM.ActiveCfg = Release|Any CPU
		{6ED9878B-DB30-470D-83C8-EE85F948DA29}.AppStore|ARM.Build.0 = Release|Any CPU
		{6ED9878B-DB30-470D-83C8-EE85F948DA29}.AppStore|ARM.Deploy.0 = Release|Any CPU
		{6ED9878B-DB30-470D-83C8-EE85F948DA29}.AppStore|iPhone.ActiveCfg = Release|Any CPU
		{6ED9878B-DB30-470D-83C8-EE85F948DA29}.AppStore|iPhone.Build.0 = Release|Any CPU
		{6ED9878B-DB30-470D-83C8-EE85F948DA29}.AppStore|iPhone.Deploy.0 = Release|Any CPU
		{6ED9878B-DB30-470D-83C8-EE85F948DA29}.AppStore|iPhoneSimulator.ActiveCfg = Release|Any CPU
		{6ED9878B-DB30-470D-83C8-EE85F948DA29}.AppStore|iPhoneSimulator.Build.0 = Release|Any CPU
		{6ED9878B-DB30-470D-83C8-EE85F948DA29}.AppStore|iPhoneSimulator.Deploy.0 = Release|Any CPU
		{6ED9878B-DB30-470D-83C8-EE85F948DA29}.AppStore|x64.ActiveCfg = Release|Any CPU
		{6ED9878B-DB30-470D-83C8-EE85F948DA29}.AppStore|x64.Build.0 = Release|Any CPU
		{6ED9878B-DB30-470D-83C8-EE85F948DA29}.AppStore|x64.Deploy.0 = Release|Any CPU
		{6ED9878B-DB30-470D-83C8-EE85F948DA29}.AppStore|x86.ActiveCfg = Release|Any CPU
		{6ED9878B-DB30-470D-83C8-EE85F948DA29}.AppStore|x86.Build.0 = Release|Any CPU
		{6ED9878B-DB30-470D-83C8-EE85F948DA29}.AppStore|x86.Deploy.0 = Release|Any CPU
		{6ED9878B-DB30-470D-83C8-EE85F948DA29}.Debug|Android.ActiveCfg = Debug|Any CPU
		{6ED9878B-DB30-470D-83C8-EE85F948DA29}.Debug|Android.Build.0 = Debug|Any CPU
		{6ED9878B-DB30-470D-83C8-EE85F948DA29}.Debug|Android.Deploy.0 = Debug|Any CPU
		{6ED9878B-DB30-470D-83C8-EE85F948DA29}.Debug|Any CPU.ActiveCfg = Debug|Any CPU
		{6ED9878B-DB30-470D-83C8-EE85F948DA29}.Debug|Any CPU.Build.0 = Debug|Any CPU
		{6ED9878B-DB30-470D-83C8-EE85F948DA29}.Debug|Any CPU.Deploy.0 = Debug|Any CPU
		{6ED9878B-DB30-470D-83C8-EE85F948DA29}.Debug|ARM.ActiveCfg = Debug|Any CPU
		{6ED9878B-DB30-470D-83C8-EE85F948DA29}.Debug|ARM.Build.0 = Debug|Any CPU
		{6ED9878B-DB30-470D-83C8-EE85F948DA29}.Debug|ARM.Deploy.0 = Debug|Any CPU
		{6ED9878B-DB30-470D-83C8-EE85F948DA29}.Debug|iPhone.ActiveCfg = Debug|Any CPU
		{6ED9878B-DB30-470D-83C8-EE85F948DA29}.Debug|iPhone.Build.0 = Debug|Any CPU
		{6ED9878B-DB30-470D-83C8-EE85F948DA29}.Debug|iPhone.Deploy.0 = Debug|Any CPU
		{6ED9878B-DB30-470D-83C8-EE85F948DA29}.Debug|iPhoneSimulator.ActiveCfg = Debug|Any CPU
		{6ED9878B-DB30-470D-83C8-EE85F948DA29}.Debug|iPhoneSimulator.Build.0 = Debug|Any CPU
		{6ED9878B-DB30-470D-83C8-EE85F948DA29}.Debug|iPhoneSimulator.Deploy.0 = Debug|Any CPU
		{6ED9878B-DB30-470D-83C8-EE85F948DA29}.Debug|x64.ActiveCfg = Debug|Any CPU
		{6ED9878B-DB30-470D-83C8-EE85F948DA29}.Debug|x64.Build.0 = Debug|Any CPU
		{6ED9878B-DB30-470D-83C8-EE85F948DA29}.Debug|x64.Deploy.0 = Debug|Any CPU
		{6ED9878B-DB30-470D-83C8-EE85F948DA29}.Debug|x86.ActiveCfg = Debug|Any CPU
		{6ED9878B-DB30-470D-83C8-EE85F948DA29}.Debug|x86.Build.0 = Debug|Any CPU
		{6ED9878B-DB30-470D-83C8-EE85F948DA29}.Debug|x86.Deploy.0 = Debug|Any CPU
		{6ED9878B-DB30-470D-83C8-EE85F948DA29}.Release|Android.ActiveCfg = Release|Any CPU
		{6ED9878B-DB30-470D-83C8-EE85F948DA29}.Release|Android.Build.0 = Release|Any CPU
		{6ED9878B-DB30-470D-83C8-EE85F948DA29}.Release|Android.Deploy.0 = Release|Any CPU
		{6ED9878B-DB30-470D-83C8-EE85F948DA29}.Release|Any CPU.ActiveCfg = Release|Any CPU
		{6ED9878B-DB30-470D-83C8-EE85F948DA29}.Release|Any CPU.Build.0 = Release|Any CPU
		{6ED9878B-DB30-470D-83C8-EE85F948DA29}.Release|Any CPU.Deploy.0 = Release|Any CPU
		{6ED9878B-DB30-470D-83C8-EE85F948DA29}.Release|ARM.ActiveCfg = Release|Any CPU
		{6ED9878B-DB30-470D-83C8-EE85F948DA29}.Release|ARM.Build.0 = Release|Any CPU
		{6ED9878B-DB30-470D-83C8-EE85F948DA29}.Release|ARM.Deploy.0 = Release|Any CPU
		{6ED9878B-DB30-470D-83C8-EE85F948DA29}.Release|iPhone.ActiveCfg = Release|Any CPU
		{6ED9878B-DB30-470D-83C8-EE85F948DA29}.Release|iPhone.Build.0 = Release|Any CPU
		{6ED9878B-DB30-470D-83C8-EE85F948DA29}.Release|iPhone.Deploy.0 = Release|Any CPU
		{6ED9878B-DB30-470D-83C8-EE85F948DA29}.Release|iPhoneSimulator.ActiveCfg = Release|Any CPU
		{6ED9878B-DB30-470D-83C8-EE85F948DA29}.Release|iPhoneSimulator.Build.0 = Release|Any CPU
		{6ED9878B-DB30-470D-83C8-EE85F948DA29}.Release|iPhoneSimulator.Deploy.0 = Release|Any CPU
		{6ED9878B-DB30-470D-83C8-EE85F948DA29}.Release|x64.ActiveCfg = Release|Any CPU
		{6ED9878B-DB30-470D-83C8-EE85F948DA29}.Release|x64.Build.0 = Release|Any CPU
		{6ED9878B-DB30-470D-83C8-EE85F948DA29}.Release|x64.Deploy.0 = Release|Any CPU
		{6ED9878B-DB30-470D-83C8-EE85F948DA29}.Release|x86.ActiveCfg = Release|Any CPU
		{6ED9878B-DB30-470D-83C8-EE85F948DA29}.Release|x86.Build.0 = Release|Any CPU
		{6ED9878B-DB30-470D-83C8-EE85F948DA29}.Release|x86.Deploy.0 = Release|Any CPU
		{6ED9878B-DB30-470D-83C8-EE85F948DA29}.Testing|Android.ActiveCfg = Release|Any CPU
		{6ED9878B-DB30-470D-83C8-EE85F948DA29}.Testing|Android.Build.0 = Release|Any CPU
		{6ED9878B-DB30-470D-83C8-EE85F948DA29}.Testing|Android.Deploy.0 = Release|Any CPU
		{6ED9878B-DB30-470D-83C8-EE85F948DA29}.Testing|Any CPU.ActiveCfg = Release|Any CPU
		{6ED9878B-DB30-470D-83C8-EE85F948DA29}.Testing|Any CPU.Build.0 = Release|Any CPU
		{6ED9878B-DB30-470D-83C8-EE85F948DA29}.Testing|Any CPU.Deploy.0 = Release|Any CPU
		{6ED9878B-DB30-470D-83C8-EE85F948DA29}.Testing|ARM.ActiveCfg = Release|Any CPU
		{6ED9878B-DB30-470D-83C8-EE85F948DA29}.Testing|ARM.Build.0 = Release|Any CPU
		{6ED9878B-DB30-470D-83C8-EE85F948DA29}.Testing|ARM.Deploy.0 = Release|Any CPU
		{6ED9878B-DB30-470D-83C8-EE85F948DA29}.Testing|iPhone.ActiveCfg = Release|Any CPU
		{6ED9878B-DB30-470D-83C8-EE85F948DA29}.Testing|iPhone.Build.0 = Release|Any CPU
		{6ED9878B-DB30-470D-83C8-EE85F948DA29}.Testing|iPhone.Deploy.0 = Release|Any CPU
		{6ED9878B-DB30-470D-83C8-EE85F948DA29}.Testing|iPhoneSimulator.ActiveCfg = Release|Any CPU
		{6ED9878B-DB30-470D-83C8-EE85F948DA29}.Testing|iPhoneSimulator.Build.0 = Release|Any CPU
		{6ED9878B-DB30-470D-83C8-EE85F948DA29}.Testing|iPhoneSimulator.Deploy.0 = Release|Any CPU
		{6ED9878B-DB30-470D-83C8-EE85F948DA29}.Testing|x64.ActiveCfg = Release|Any CPU
		{6ED9878B-DB30-470D-83C8-EE85F948DA29}.Testing|x64.Build.0 = Release|Any CPU
		{6ED9878B-DB30-470D-83C8-EE85F948DA29}.Testing|x64.Deploy.0 = Release|Any CPU
		{6ED9878B-DB30-470D-83C8-EE85F948DA29}.Testing|x86.ActiveCfg = Release|Any CPU
		{6ED9878B-DB30-470D-83C8-EE85F948DA29}.Testing|x86.Build.0 = Release|Any CPU
		{6ED9878B-DB30-470D-83C8-EE85F948DA29}.Testing|x86.Deploy.0 = Release|Any CPU
		{CBADCBB1-DE63-4000-A033-6C74A81F6DE8}.AppStore|Android.ActiveCfg = Release|x86
		{CBADCBB1-DE63-4000-A033-6C74A81F6DE8}.AppStore|Android.Build.0 = Release|x86
		{CBADCBB1-DE63-4000-A033-6C74A81F6DE8}.AppStore|Android.Deploy.0 = Release|x86
		{CBADCBB1-DE63-4000-A033-6C74A81F6DE8}.AppStore|Any CPU.ActiveCfg = Release|x86
		{CBADCBB1-DE63-4000-A033-6C74A81F6DE8}.AppStore|Any CPU.Build.0 = Release|x86
		{CBADCBB1-DE63-4000-A033-6C74A81F6DE8}.AppStore|Any CPU.Deploy.0 = Release|x86
		{CBADCBB1-DE63-4000-A033-6C74A81F6DE8}.AppStore|ARM.ActiveCfg = Release|ARM
		{CBADCBB1-DE63-4000-A033-6C74A81F6DE8}.AppStore|ARM.Build.0 = Release|ARM
		{CBADCBB1-DE63-4000-A033-6C74A81F6DE8}.AppStore|ARM.Deploy.0 = Release|ARM
		{CBADCBB1-DE63-4000-A033-6C74A81F6DE8}.AppStore|iPhone.ActiveCfg = Release|x86
		{CBADCBB1-DE63-4000-A033-6C74A81F6DE8}.AppStore|iPhone.Build.0 = Release|x86
		{CBADCBB1-DE63-4000-A033-6C74A81F6DE8}.AppStore|iPhone.Deploy.0 = Release|x86
		{CBADCBB1-DE63-4000-A033-6C74A81F6DE8}.AppStore|iPhoneSimulator.ActiveCfg = Release|x86
		{CBADCBB1-DE63-4000-A033-6C74A81F6DE8}.AppStore|iPhoneSimulator.Build.0 = Release|x86
		{CBADCBB1-DE63-4000-A033-6C74A81F6DE8}.AppStore|iPhoneSimulator.Deploy.0 = Release|x86
		{CBADCBB1-DE63-4000-A033-6C74A81F6DE8}.AppStore|x64.ActiveCfg = Release|x64
		{CBADCBB1-DE63-4000-A033-6C74A81F6DE8}.AppStore|x64.Build.0 = Release|x64
		{CBADCBB1-DE63-4000-A033-6C74A81F6DE8}.AppStore|x64.Deploy.0 = Release|x64
		{CBADCBB1-DE63-4000-A033-6C74A81F6DE8}.AppStore|x86.ActiveCfg = Release|x86
		{CBADCBB1-DE63-4000-A033-6C74A81F6DE8}.AppStore|x86.Build.0 = Release|x86
		{CBADCBB1-DE63-4000-A033-6C74A81F6DE8}.AppStore|x86.Deploy.0 = Release|x86
		{CBADCBB1-DE63-4000-A033-6C74A81F6DE8}.Debug|Android.ActiveCfg = Debug|x86
		{CBADCBB1-DE63-4000-A033-6C74A81F6DE8}.Debug|Any CPU.ActiveCfg = Debug|x86
		{CBADCBB1-DE63-4000-A033-6C74A81F6DE8}.Debug|ARM.ActiveCfg = Debug|ARM
		{CBADCBB1-DE63-4000-A033-6C74A81F6DE8}.Debug|ARM.Build.0 = Debug|ARM
		{CBADCBB1-DE63-4000-A033-6C74A81F6DE8}.Debug|ARM.Deploy.0 = Debug|ARM
		{CBADCBB1-DE63-4000-A033-6C74A81F6DE8}.Debug|iPhone.ActiveCfg = Debug|x86
		{CBADCBB1-DE63-4000-A033-6C74A81F6DE8}.Debug|iPhoneSimulator.ActiveCfg = Debug|x86
		{CBADCBB1-DE63-4000-A033-6C74A81F6DE8}.Debug|x64.ActiveCfg = Debug|x64
		{CBADCBB1-DE63-4000-A033-6C74A81F6DE8}.Debug|x64.Build.0 = Debug|x64
		{CBADCBB1-DE63-4000-A033-6C74A81F6DE8}.Debug|x64.Deploy.0 = Debug|x64
		{CBADCBB1-DE63-4000-A033-6C74A81F6DE8}.Debug|x86.ActiveCfg = Debug|x86
		{CBADCBB1-DE63-4000-A033-6C74A81F6DE8}.Debug|x86.Build.0 = Debug|x86
		{CBADCBB1-DE63-4000-A033-6C74A81F6DE8}.Debug|x86.Deploy.0 = Debug|x86
		{CBADCBB1-DE63-4000-A033-6C74A81F6DE8}.Release|Android.ActiveCfg = Release|x86
		{CBADCBB1-DE63-4000-A033-6C74A81F6DE8}.Release|Any CPU.ActiveCfg = Release|x86
		{CBADCBB1-DE63-4000-A033-6C74A81F6DE8}.Release|ARM.ActiveCfg = Release|ARM
		{CBADCBB1-DE63-4000-A033-6C74A81F6DE8}.Release|ARM.Build.0 = Release|ARM
		{CBADCBB1-DE63-4000-A033-6C74A81F6DE8}.Release|ARM.Deploy.0 = Release|ARM
		{CBADCBB1-DE63-4000-A033-6C74A81F6DE8}.Release|iPhone.ActiveCfg = Release|x86
		{CBADCBB1-DE63-4000-A033-6C74A81F6DE8}.Release|iPhoneSimulator.ActiveCfg = Release|x86
		{CBADCBB1-DE63-4000-A033-6C74A81F6DE8}.Release|x64.ActiveCfg = Release|x64
		{CBADCBB1-DE63-4000-A033-6C74A81F6DE8}.Release|x64.Build.0 = Release|x64
		{CBADCBB1-DE63-4000-A033-6C74A81F6DE8}.Release|x64.Deploy.0 = Release|x64
		{CBADCBB1-DE63-4000-A033-6C74A81F6DE8}.Release|x86.ActiveCfg = Release|x86
		{CBADCBB1-DE63-4000-A033-6C74A81F6DE8}.Release|x86.Build.0 = Release|x86
		{CBADCBB1-DE63-4000-A033-6C74A81F6DE8}.Release|x86.Deploy.0 = Release|x86
		{CBADCBB1-DE63-4000-A033-6C74A81F6DE8}.Testing|Android.ActiveCfg = Release|x86
		{CBADCBB1-DE63-4000-A033-6C74A81F6DE8}.Testing|Android.Build.0 = Release|x86
		{CBADCBB1-DE63-4000-A033-6C74A81F6DE8}.Testing|Android.Deploy.0 = Release|x86
		{CBADCBB1-DE63-4000-A033-6C74A81F6DE8}.Testing|Any CPU.ActiveCfg = Release|x86
		{CBADCBB1-DE63-4000-A033-6C74A81F6DE8}.Testing|Any CPU.Build.0 = Release|x86
		{CBADCBB1-DE63-4000-A033-6C74A81F6DE8}.Testing|Any CPU.Deploy.0 = Release|x86
		{CBADCBB1-DE63-4000-A033-6C74A81F6DE8}.Testing|ARM.ActiveCfg = Release|ARM
		{CBADCBB1-DE63-4000-A033-6C74A81F6DE8}.Testing|ARM.Build.0 = Release|ARM
		{CBADCBB1-DE63-4000-A033-6C74A81F6DE8}.Testing|ARM.Deploy.0 = Release|ARM
		{CBADCBB1-DE63-4000-A033-6C74A81F6DE8}.Testing|iPhone.ActiveCfg = Release|x86
		{CBADCBB1-DE63-4000-A033-6C74A81F6DE8}.Testing|iPhone.Build.0 = Release|x86
		{CBADCBB1-DE63-4000-A033-6C74A81F6DE8}.Testing|iPhone.Deploy.0 = Release|x86
		{CBADCBB1-DE63-4000-A033-6C74A81F6DE8}.Testing|iPhoneSimulator.ActiveCfg = Release|x86
		{CBADCBB1-DE63-4000-A033-6C74A81F6DE8}.Testing|iPhoneSimulator.Build.0 = Release|x86
		{CBADCBB1-DE63-4000-A033-6C74A81F6DE8}.Testing|iPhoneSimulator.Deploy.0 = Release|x86
		{CBADCBB1-DE63-4000-A033-6C74A81F6DE8}.Testing|x64.ActiveCfg = Release|x64
		{CBADCBB1-DE63-4000-A033-6C74A81F6DE8}.Testing|x64.Build.0 = Release|x64
		{CBADCBB1-DE63-4000-A033-6C74A81F6DE8}.Testing|x64.Deploy.0 = Release|x64
		{CBADCBB1-DE63-4000-A033-6C74A81F6DE8}.Testing|x86.ActiveCfg = Release|x86
		{CBADCBB1-DE63-4000-A033-6C74A81F6DE8}.Testing|x86.Build.0 = Release|x86
		{CBADCBB1-DE63-4000-A033-6C74A81F6DE8}.Testing|x86.Deploy.0 = Release|x86
		{22B94E8B-3C35-42A5-9F79-5A890D9AEDFA}.AppStore|Android.ActiveCfg = Release|Any CPU
		{22B94E8B-3C35-42A5-9F79-5A890D9AEDFA}.AppStore|Android.Build.0 = Release|Any CPU
		{22B94E8B-3C35-42A5-9F79-5A890D9AEDFA}.AppStore|Android.Deploy.0 = Release|Any CPU
		{22B94E8B-3C35-42A5-9F79-5A890D9AEDFA}.AppStore|Any CPU.ActiveCfg = Release|Any CPU
		{22B94E8B-3C35-42A5-9F79-5A890D9AEDFA}.AppStore|Any CPU.Build.0 = Release|Any CPU
		{22B94E8B-3C35-42A5-9F79-5A890D9AEDFA}.AppStore|Any CPU.Deploy.0 = Release|Any CPU
		{22B94E8B-3C35-42A5-9F79-5A890D9AEDFA}.AppStore|ARM.ActiveCfg = Release|Any CPU
		{22B94E8B-3C35-42A5-9F79-5A890D9AEDFA}.AppStore|ARM.Build.0 = Release|Any CPU
		{22B94E8B-3C35-42A5-9F79-5A890D9AEDFA}.AppStore|ARM.Deploy.0 = Release|Any CPU
		{22B94E8B-3C35-42A5-9F79-5A890D9AEDFA}.AppStore|iPhone.ActiveCfg = Release|Any CPU
		{22B94E8B-3C35-42A5-9F79-5A890D9AEDFA}.AppStore|iPhone.Build.0 = Release|Any CPU
		{22B94E8B-3C35-42A5-9F79-5A890D9AEDFA}.AppStore|iPhone.Deploy.0 = Release|Any CPU
		{22B94E8B-3C35-42A5-9F79-5A890D9AEDFA}.AppStore|iPhoneSimulator.ActiveCfg = Release|Any CPU
		{22B94E8B-3C35-42A5-9F79-5A890D9AEDFA}.AppStore|iPhoneSimulator.Build.0 = Release|Any CPU
		{22B94E8B-3C35-42A5-9F79-5A890D9AEDFA}.AppStore|iPhoneSimulator.Deploy.0 = Release|Any CPU
		{22B94E8B-3C35-42A5-9F79-5A890D9AEDFA}.AppStore|x64.ActiveCfg = Release|Any CPU
		{22B94E8B-3C35-42A5-9F79-5A890D9AEDFA}.AppStore|x64.Build.0 = Release|Any CPU
		{22B94E8B-3C35-42A5-9F79-5A890D9AEDFA}.AppStore|x64.Deploy.0 = Release|Any CPU
		{22B94E8B-3C35-42A5-9F79-5A890D9AEDFA}.AppStore|x86.ActiveCfg = Release|Any CPU
		{22B94E8B-3C35-42A5-9F79-5A890D9AEDFA}.AppStore|x86.Build.0 = Release|Any CPU
		{22B94E8B-3C35-42A5-9F79-5A890D9AEDFA}.AppStore|x86.Deploy.0 = Release|Any CPU
		{22B94E8B-3C35-42A5-9F79-5A890D9AEDFA}.Debug|Android.ActiveCfg = Debug|Any CPU
		{22B94E8B-3C35-42A5-9F79-5A890D9AEDFA}.Debug|Android.Build.0 = Debug|Any CPU
		{22B94E8B-3C35-42A5-9F79-5A890D9AEDFA}.Debug|Android.Deploy.0 = Debug|Any CPU
		{22B94E8B-3C35-42A5-9F79-5A890D9AEDFA}.Debug|Any CPU.ActiveCfg = Debug|Any CPU
		{22B94E8B-3C35-42A5-9F79-5A890D9AEDFA}.Debug|Any CPU.Build.0 = Debug|Any CPU
		{22B94E8B-3C35-42A5-9F79-5A890D9AEDFA}.Debug|Any CPU.Deploy.0 = Debug|Any CPU
		{22B94E8B-3C35-42A5-9F79-5A890D9AEDFA}.Debug|ARM.ActiveCfg = Debug|Any CPU
		{22B94E8B-3C35-42A5-9F79-5A890D9AEDFA}.Debug|ARM.Build.0 = Debug|Any CPU
		{22B94E8B-3C35-42A5-9F79-5A890D9AEDFA}.Debug|ARM.Deploy.0 = Debug|Any CPU
		{22B94E8B-3C35-42A5-9F79-5A890D9AEDFA}.Debug|iPhone.ActiveCfg = Debug|Any CPU
		{22B94E8B-3C35-42A5-9F79-5A890D9AEDFA}.Debug|iPhone.Build.0 = Debug|Any CPU
		{22B94E8B-3C35-42A5-9F79-5A890D9AEDFA}.Debug|iPhone.Deploy.0 = Debug|Any CPU
		{22B94E8B-3C35-42A5-9F79-5A890D9AEDFA}.Debug|iPhoneSimulator.ActiveCfg = Debug|Any CPU
		{22B94E8B-3C35-42A5-9F79-5A890D9AEDFA}.Debug|iPhoneSimulator.Build.0 = Debug|Any CPU
		{22B94E8B-3C35-42A5-9F79-5A890D9AEDFA}.Debug|iPhoneSimulator.Deploy.0 = Debug|Any CPU
		{22B94E8B-3C35-42A5-9F79-5A890D9AEDFA}.Debug|x64.ActiveCfg = Debug|Any CPU
		{22B94E8B-3C35-42A5-9F79-5A890D9AEDFA}.Debug|x64.Build.0 = Debug|Any CPU
		{22B94E8B-3C35-42A5-9F79-5A890D9AEDFA}.Debug|x64.Deploy.0 = Debug|Any CPU
		{22B94E8B-3C35-42A5-9F79-5A890D9AEDFA}.Debug|x86.ActiveCfg = Debug|Any CPU
		{22B94E8B-3C35-42A5-9F79-5A890D9AEDFA}.Debug|x86.Build.0 = Debug|Any CPU
		{22B94E8B-3C35-42A5-9F79-5A890D9AEDFA}.Debug|x86.Deploy.0 = Debug|Any CPU
		{22B94E8B-3C35-42A5-9F79-5A890D9AEDFA}.Release|Android.ActiveCfg = Release|Any CPU
		{22B94E8B-3C35-42A5-9F79-5A890D9AEDFA}.Release|Android.Build.0 = Release|Any CPU
		{22B94E8B-3C35-42A5-9F79-5A890D9AEDFA}.Release|Android.Deploy.0 = Release|Any CPU
		{22B94E8B-3C35-42A5-9F79-5A890D9AEDFA}.Release|Any CPU.ActiveCfg = Release|Any CPU
		{22B94E8B-3C35-42A5-9F79-5A890D9AEDFA}.Release|Any CPU.Build.0 = Release|Any CPU
		{22B94E8B-3C35-42A5-9F79-5A890D9AEDFA}.Release|Any CPU.Deploy.0 = Release|Any CPU
		{22B94E8B-3C35-42A5-9F79-5A890D9AEDFA}.Release|ARM.ActiveCfg = Release|Any CPU
		{22B94E8B-3C35-42A5-9F79-5A890D9AEDFA}.Release|ARM.Build.0 = Release|Any CPU
		{22B94E8B-3C35-42A5-9F79-5A890D9AEDFA}.Release|ARM.Deploy.0 = Release|Any CPU
		{22B94E8B-3C35-42A5-9F79-5A890D9AEDFA}.Release|iPhone.ActiveCfg = Release|Any CPU
		{22B94E8B-3C35-42A5-9F79-5A890D9AEDFA}.Release|iPhone.Build.0 = Release|Any CPU
		{22B94E8B-3C35-42A5-9F79-5A890D9AEDFA}.Release|iPhone.Deploy.0 = Release|Any CPU
		{22B94E8B-3C35-42A5-9F79-5A890D9AEDFA}.Release|iPhoneSimulator.ActiveCfg = Release|Any CPU
		{22B94E8B-3C35-42A5-9F79-5A890D9AEDFA}.Release|iPhoneSimulator.Build.0 = Release|Any CPU
		{22B94E8B-3C35-42A5-9F79-5A890D9AEDFA}.Release|iPhoneSimulator.Deploy.0 = Release|Any CPU
		{22B94E8B-3C35-42A5-9F79-5A890D9AEDFA}.Release|x64.ActiveCfg = Release|Any CPU
		{22B94E8B-3C35-42A5-9F79-5A890D9AEDFA}.Release|x64.Build.0 = Release|Any CPU
		{22B94E8B-3C35-42A5-9F79-5A890D9AEDFA}.Release|x64.Deploy.0 = Release|Any CPU
		{22B94E8B-3C35-42A5-9F79-5A890D9AEDFA}.Release|x86.ActiveCfg = Release|Any CPU
		{22B94E8B-3C35-42A5-9F79-5A890D9AEDFA}.Release|x86.Build.0 = Release|Any CPU
		{22B94E8B-3C35-42A5-9F79-5A890D9AEDFA}.Release|x86.Deploy.0 = Release|Any CPU
		{22B94E8B-3C35-42A5-9F79-5A890D9AEDFA}.Testing|Android.ActiveCfg = Release|Any CPU
		{22B94E8B-3C35-42A5-9F79-5A890D9AEDFA}.Testing|Android.Build.0 = Release|Any CPU
		{22B94E8B-3C35-42A5-9F79-5A890D9AEDFA}.Testing|Android.Deploy.0 = Release|Any CPU
		{22B94E8B-3C35-42A5-9F79-5A890D9AEDFA}.Testing|Any CPU.ActiveCfg = Release|Any CPU
		{22B94E8B-3C35-42A5-9F79-5A890D9AEDFA}.Testing|Any CPU.Build.0 = Release|Any CPU
		{22B94E8B-3C35-42A5-9F79-5A890D9AEDFA}.Testing|Any CPU.Deploy.0 = Release|Any CPU
		{22B94E8B-3C35-42A5-9F79-5A890D9AEDFA}.Testing|ARM.ActiveCfg = Release|Any CPU
		{22B94E8B-3C35-42A5-9F79-5A890D9AEDFA}.Testing|ARM.Build.0 = Release|Any CPU
		{22B94E8B-3C35-42A5-9F79-5A890D9AEDFA}.Testing|ARM.Deploy.0 = Release|Any CPU
		{22B94E8B-3C35-42A5-9F79-5A890D9AEDFA}.Testing|iPhone.ActiveCfg = Release|Any CPU
		{22B94E8B-3C35-42A5-9F79-5A890D9AEDFA}.Testing|iPhone.Build.0 = Release|Any CPU
		{22B94E8B-3C35-42A5-9F79-5A890D9AEDFA}.Testing|iPhone.Deploy.0 = Release|Any CPU
		{22B94E8B-3C35-42A5-9F79-5A890D9AEDFA}.Testing|iPhoneSimulator.ActiveCfg = Release|Any CPU
		{22B94E8B-3C35-42A5-9F79-5A890D9AEDFA}.Testing|iPhoneSimulator.Build.0 = Release|Any CPU
		{22B94E8B-3C35-42A5-9F79-5A890D9AEDFA}.Testing|iPhoneSimulator.Deploy.0 = Release|Any CPU
		{22B94E8B-3C35-42A5-9F79-5A890D9AEDFA}.Testing|x64.ActiveCfg = Release|Any CPU
		{22B94E8B-3C35-42A5-9F79-5A890D9AEDFA}.Testing|x64.Build.0 = Release|Any CPU
		{22B94E8B-3C35-42A5-9F79-5A890D9AEDFA}.Testing|x64.Deploy.0 = Release|Any CPU
		{22B94E8B-3C35-42A5-9F79-5A890D9AEDFA}.Testing|x86.ActiveCfg = Release|Any CPU
		{22B94E8B-3C35-42A5-9F79-5A890D9AEDFA}.Testing|x86.Build.0 = Release|Any CPU
		{22B94E8B-3C35-42A5-9F79-5A890D9AEDFA}.Testing|x86.Deploy.0 = Release|Any CPU
		{78D76508-FBA4-4690-86DA-8B42DFC5FC1D}.AppStore|Android.ActiveCfg = Release|iPhone
		{78D76508-FBA4-4690-86DA-8B42DFC5FC1D}.AppStore|Android.Build.0 = Release|iPhone
		{78D76508-FBA4-4690-86DA-8B42DFC5FC1D}.AppStore|Any CPU.ActiveCfg = Release|iPhone
		{78D76508-FBA4-4690-86DA-8B42DFC5FC1D}.AppStore|Any CPU.Build.0 = Release|iPhone
		{78D76508-FBA4-4690-86DA-8B42DFC5FC1D}.AppStore|ARM.ActiveCfg = Release|iPhone
		{78D76508-FBA4-4690-86DA-8B42DFC5FC1D}.AppStore|ARM.Build.0 = Release|iPhone
		{78D76508-FBA4-4690-86DA-8B42DFC5FC1D}.AppStore|iPhone.ActiveCfg = Release|iPhone
		{78D76508-FBA4-4690-86DA-8B42DFC5FC1D}.AppStore|iPhone.Build.0 = Release|iPhone
		{78D76508-FBA4-4690-86DA-8B42DFC5FC1D}.AppStore|iPhoneSimulator.ActiveCfg = Release|iPhoneSimulator
		{78D76508-FBA4-4690-86DA-8B42DFC5FC1D}.AppStore|iPhoneSimulator.Build.0 = Release|iPhoneSimulator
		{78D76508-FBA4-4690-86DA-8B42DFC5FC1D}.AppStore|x64.ActiveCfg = Release|iPhone
		{78D76508-FBA4-4690-86DA-8B42DFC5FC1D}.AppStore|x64.Build.0 = Release|iPhone
		{78D76508-FBA4-4690-86DA-8B42DFC5FC1D}.AppStore|x86.ActiveCfg = Release|iPhone
		{78D76508-FBA4-4690-86DA-8B42DFC5FC1D}.AppStore|x86.Build.0 = Release|iPhone
		{78D76508-FBA4-4690-86DA-8B42DFC5FC1D}.Debug|Android.ActiveCfg = Debug|iPhone
		{78D76508-FBA4-4690-86DA-8B42DFC5FC1D}.Debug|Any CPU.ActiveCfg = Debug|iPhone
		{78D76508-FBA4-4690-86DA-8B42DFC5FC1D}.Debug|ARM.ActiveCfg = Debug|iPhone
		{78D76508-FBA4-4690-86DA-8B42DFC5FC1D}.Debug|iPhone.ActiveCfg = Debug|iPhone
		{78D76508-FBA4-4690-86DA-8B42DFC5FC1D}.Debug|iPhone.Build.0 = Debug|iPhone
		{78D76508-FBA4-4690-86DA-8B42DFC5FC1D}.Debug|iPhoneSimulator.ActiveCfg = Debug|iPhoneSimulator
		{78D76508-FBA4-4690-86DA-8B42DFC5FC1D}.Debug|iPhoneSimulator.Build.0 = Debug|iPhoneSimulator
		{78D76508-FBA4-4690-86DA-8B42DFC5FC1D}.Debug|x64.ActiveCfg = Debug|iPhone
		{78D76508-FBA4-4690-86DA-8B42DFC5FC1D}.Debug|x86.ActiveCfg = Debug|iPhone
		{78D76508-FBA4-4690-86DA-8B42DFC5FC1D}.Release|Android.ActiveCfg = Release|iPhone
		{78D76508-FBA4-4690-86DA-8B42DFC5FC1D}.Release|Any CPU.ActiveCfg = Release|iPhone
		{78D76508-FBA4-4690-86DA-8B42DFC5FC1D}.Release|ARM.ActiveCfg = Release|iPhone
		{78D76508-FBA4-4690-86DA-8B42DFC5FC1D}.Release|iPhone.ActiveCfg = Release|iPhone
		{78D76508-FBA4-4690-86DA-8B42DFC5FC1D}.Release|iPhone.Build.0 = Release|iPhone
		{78D76508-FBA4-4690-86DA-8B42DFC5FC1D}.Release|iPhoneSimulator.ActiveCfg = Release|iPhoneSimulator
		{78D76508-FBA4-4690-86DA-8B42DFC5FC1D}.Release|iPhoneSimulator.Build.0 = Release|iPhoneSimulator
		{78D76508-FBA4-4690-86DA-8B42DFC5FC1D}.Release|x64.ActiveCfg = Release|iPhone
		{78D76508-FBA4-4690-86DA-8B42DFC5FC1D}.Release|x86.ActiveCfg = Release|iPhone
		{78D76508-FBA4-4690-86DA-8B42DFC5FC1D}.Testing|Android.ActiveCfg = Release|iPhone
		{78D76508-FBA4-4690-86DA-8B42DFC5FC1D}.Testing|Android.Build.0 = Release|iPhone
		{78D76508-FBA4-4690-86DA-8B42DFC5FC1D}.Testing|Any CPU.ActiveCfg = Release|iPhone
		{78D76508-FBA4-4690-86DA-8B42DFC5FC1D}.Testing|Any CPU.Build.0 = Release|iPhone
		{78D76508-FBA4-4690-86DA-8B42DFC5FC1D}.Testing|ARM.ActiveCfg = Release|iPhone
		{78D76508-FBA4-4690-86DA-8B42DFC5FC1D}.Testing|ARM.Build.0 = Release|iPhone
		{78D76508-FBA4-4690-86DA-8B42DFC5FC1D}.Testing|iPhone.ActiveCfg = Release|iPhone
		{78D76508-FBA4-4690-86DA-8B42DFC5FC1D}.Testing|iPhone.Build.0 = Release|iPhone
		{78D76508-FBA4-4690-86DA-8B42DFC5FC1D}.Testing|iPhoneSimulator.ActiveCfg = Release|iPhoneSimulator
		{78D76508-FBA4-4690-86DA-8B42DFC5FC1D}.Testing|iPhoneSimulator.Build.0 = Release|iPhoneSimulator
		{78D76508-FBA4-4690-86DA-8B42DFC5FC1D}.Testing|x64.ActiveCfg = Release|iPhone
		{78D76508-FBA4-4690-86DA-8B42DFC5FC1D}.Testing|x64.Build.0 = Release|iPhone
		{78D76508-FBA4-4690-86DA-8B42DFC5FC1D}.Testing|x86.ActiveCfg = Release|iPhone
		{78D76508-FBA4-4690-86DA-8B42DFC5FC1D}.Testing|x86.Build.0 = Release|iPhone
		{90C7A3B1-98E8-49D8-9F29-B19B33FD6EA0}.AppStore|Android.ActiveCfg = Debug|Any CPU
		{90C7A3B1-98E8-49D8-9F29-B19B33FD6EA0}.AppStore|Android.Build.0 = Debug|Any CPU
		{90C7A3B1-98E8-49D8-9F29-B19B33FD6EA0}.AppStore|Any CPU.ActiveCfg = Debug|Any CPU
		{90C7A3B1-98E8-49D8-9F29-B19B33FD6EA0}.AppStore|Any CPU.Build.0 = Debug|Any CPU
		{90C7A3B1-98E8-49D8-9F29-B19B33FD6EA0}.AppStore|ARM.ActiveCfg = Debug|Any CPU
		{90C7A3B1-98E8-49D8-9F29-B19B33FD6EA0}.AppStore|ARM.Build.0 = Debug|Any CPU
		{90C7A3B1-98E8-49D8-9F29-B19B33FD6EA0}.AppStore|iPhone.ActiveCfg = Debug|Any CPU
		{90C7A3B1-98E8-49D8-9F29-B19B33FD6EA0}.AppStore|iPhone.Build.0 = Debug|Any CPU
		{90C7A3B1-98E8-49D8-9F29-B19B33FD6EA0}.AppStore|iPhoneSimulator.ActiveCfg = Debug|Any CPU
		{90C7A3B1-98E8-49D8-9F29-B19B33FD6EA0}.AppStore|iPhoneSimulator.Build.0 = Debug|Any CPU
		{90C7A3B1-98E8-49D8-9F29-B19B33FD6EA0}.AppStore|x64.ActiveCfg = Debug|Any CPU
		{90C7A3B1-98E8-49D8-9F29-B19B33FD6EA0}.AppStore|x64.Build.0 = Debug|Any CPU
		{90C7A3B1-98E8-49D8-9F29-B19B33FD6EA0}.AppStore|x86.ActiveCfg = Debug|Any CPU
		{90C7A3B1-98E8-49D8-9F29-B19B33FD6EA0}.AppStore|x86.Build.0 = Debug|Any CPU
		{90C7A3B1-98E8-49D8-9F29-B19B33FD6EA0}.Debug|Android.ActiveCfg = Debug|Any CPU
		{90C7A3B1-98E8-49D8-9F29-B19B33FD6EA0}.Debug|Android.Build.0 = Debug|Any CPU
		{90C7A3B1-98E8-49D8-9F29-B19B33FD6EA0}.Debug|Any CPU.ActiveCfg = Debug|Any CPU
		{90C7A3B1-98E8-49D8-9F29-B19B33FD6EA0}.Debug|Any CPU.Build.0 = Debug|Any CPU
		{90C7A3B1-98E8-49D8-9F29-B19B33FD6EA0}.Debug|ARM.ActiveCfg = Debug|Any CPU
		{90C7A3B1-98E8-49D8-9F29-B19B33FD6EA0}.Debug|ARM.Build.0 = Debug|Any CPU
		{90C7A3B1-98E8-49D8-9F29-B19B33FD6EA0}.Debug|iPhone.ActiveCfg = Debug|Any CPU
		{90C7A3B1-98E8-49D8-9F29-B19B33FD6EA0}.Debug|iPhone.Build.0 = Debug|Any CPU
		{90C7A3B1-98E8-49D8-9F29-B19B33FD6EA0}.Debug|iPhoneSimulator.ActiveCfg = Debug|Any CPU
		{90C7A3B1-98E8-49D8-9F29-B19B33FD6EA0}.Debug|iPhoneSimulator.Build.0 = Debug|Any CPU
		{90C7A3B1-98E8-49D8-9F29-B19B33FD6EA0}.Debug|x64.ActiveCfg = Debug|Any CPU
		{90C7A3B1-98E8-49D8-9F29-B19B33FD6EA0}.Debug|x64.Build.0 = Debug|Any CPU
		{90C7A3B1-98E8-49D8-9F29-B19B33FD6EA0}.Debug|x86.ActiveCfg = Debug|Any CPU
		{90C7A3B1-98E8-49D8-9F29-B19B33FD6EA0}.Debug|x86.Build.0 = Debug|Any CPU
		{90C7A3B1-98E8-49D8-9F29-B19B33FD6EA0}.Release|Android.ActiveCfg = Release|Any CPU
		{90C7A3B1-98E8-49D8-9F29-B19B33FD6EA0}.Release|Android.Build.0 = Release|Any CPU
		{90C7A3B1-98E8-49D8-9F29-B19B33FD6EA0}.Release|Any CPU.ActiveCfg = Release|Any CPU
		{90C7A3B1-98E8-49D8-9F29-B19B33FD6EA0}.Release|Any CPU.Build.0 = Release|Any CPU
		{90C7A3B1-98E8-49D8-9F29-B19B33FD6EA0}.Release|ARM.ActiveCfg = Release|Any CPU
		{90C7A3B1-98E8-49D8-9F29-B19B33FD6EA0}.Release|ARM.Build.0 = Release|Any CPU
		{90C7A3B1-98E8-49D8-9F29-B19B33FD6EA0}.Release|iPhone.ActiveCfg = Release|Any CPU
		{90C7A3B1-98E8-49D8-9F29-B19B33FD6EA0}.Release|iPhone.Build.0 = Release|Any CPU
		{90C7A3B1-98E8-49D8-9F29-B19B33FD6EA0}.Release|iPhoneSimulator.ActiveCfg = Release|Any CPU
		{90C7A3B1-98E8-49D8-9F29-B19B33FD6EA0}.Release|iPhoneSimulator.Build.0 = Release|Any CPU
		{90C7A3B1-98E8-49D8-9F29-B19B33FD6EA0}.Release|x64.ActiveCfg = Release|Any CPU
		{90C7A3B1-98E8-49D8-9F29-B19B33FD6EA0}.Release|x64.Build.0 = Release|Any CPU
		{90C7A3B1-98E8-49D8-9F29-B19B33FD6EA0}.Release|x86.ActiveCfg = Release|Any CPU
		{90C7A3B1-98E8-49D8-9F29-B19B33FD6EA0}.Release|x86.Build.0 = Release|Any CPU
		{90C7A3B1-98E8-49D8-9F29-B19B33FD6EA0}.Testing|Android.ActiveCfg = Debug|Any CPU
		{90C7A3B1-98E8-49D8-9F29-B19B33FD6EA0}.Testing|Android.Build.0 = Debug|Any CPU
		{90C7A3B1-98E8-49D8-9F29-B19B33FD6EA0}.Testing|Any CPU.ActiveCfg = Debug|Any CPU
		{90C7A3B1-98E8-49D8-9F29-B19B33FD6EA0}.Testing|Any CPU.Build.0 = Debug|Any CPU
		{90C7A3B1-98E8-49D8-9F29-B19B33FD6EA0}.Testing|ARM.ActiveCfg = Debug|Any CPU
		{90C7A3B1-98E8-49D8-9F29-B19B33FD6EA0}.Testing|ARM.Build.0 = Debug|Any CPU
		{90C7A3B1-98E8-49D8-9F29-B19B33FD6EA0}.Testing|iPhone.ActiveCfg = Debug|Any CPU
		{90C7A3B1-98E8-49D8-9F29-B19B33FD6EA0}.Testing|iPhone.Build.0 = Debug|Any CPU
		{90C7A3B1-98E8-49D8-9F29-B19B33FD6EA0}.Testing|iPhoneSimulator.ActiveCfg = Debug|Any CPU
		{90C7A3B1-98E8-49D8-9F29-B19B33FD6EA0}.Testing|iPhoneSimulator.Build.0 = Debug|Any CPU
		{90C7A3B1-98E8-49D8-9F29-B19B33FD6EA0}.Testing|x64.ActiveCfg = Debug|Any CPU
		{90C7A3B1-98E8-49D8-9F29-B19B33FD6EA0}.Testing|x64.Build.0 = Debug|Any CPU
		{90C7A3B1-98E8-49D8-9F29-B19B33FD6EA0}.Testing|x86.ActiveCfg = Debug|Any CPU
		{90C7A3B1-98E8-49D8-9F29-B19B33FD6EA0}.Testing|x86.Build.0 = Debug|Any CPU
	EndGlobalSection
	GlobalSection(SolutionProperties) = preSolution
		HideSolutionNode = FALSE
	EndGlobalSection
	GlobalSection(NestedProjects) = preSolution
		{CBADCBB1-DE63-4000-A033-6C74A81F6DE8} = {5257D18B-6308-4A6D-8D62-E764509E25E5}
		{22B94E8B-3C35-42A5-9F79-5A890D9AEDFA} = {5257D18B-6308-4A6D-8D62-E764509E25E5}
		{78D76508-FBA4-4690-86DA-8B42DFC5FC1D} = {5257D18B-6308-4A6D-8D62-E764509E25E5}
		{90C7A3B1-98E8-49D8-9F29-B19B33FD6EA0} = {5257D18B-6308-4A6D-8D62-E764509E25E5}
	EndGlobalSection
	GlobalSection(ExtensibilityGlobals) = postSolution
		SolutionGuid = {8406BD8C-84B9-4EE0-AF7E-3F01D3E9B302}
	EndGlobalSection
EndGlobal
